
Microsoft Visual Studio Solution File, Format Version 12.00
# Visual Studio 15
VisualStudioVersion = 15.0.26730.16
MinimumVisualStudioVersion = 10.0.40219.1
Project("{D954291E-2A0B-460D-934E-DC6B0785DB48}") = "App2", "App2\App2\App2.shproj", "{AD3B9902-9F73-4E5F-81B2-87A4BC4EFA7E}"
EndProject
Project("{FAE04EC0-301F-11D3-BF4B-00C04F79EFBC}") = "App2.Android", "App2\App2.Android\App2.Android.csproj", "{9D34E1DD-0E3D-4EA5-9718-58469116C106}"
EndProject
Project("{FAE04EC0-301F-11D3-BF4B-00C04F79EFBC}") = "App2.iOS", "App2\App2.iOS\App2.iOS.csproj", "{2BA511B9-3BB2-4AA6-8FE6-08EFBBE30844}"
EndProject
Global
	GlobalSection(SharedMSBuildProjectFiles) = preSolution
		App2\App2\App2.projitems*{2ba511b9-3bb2-4aa6-8fe6-08efbbe30844}*SharedItemsImports = 4
		App2\App2\App2.projitems*{9d34e1dd-0e3d-4ea5-9718-58469116c106}*SharedItemsImports = 4
		App2\App2\App2.projitems*{ad3b9902-9f73-4e5f-81b2-87a4bc4efa7e}*SharedItemsImports = 13
	EndGlobalSection
	GlobalSection(SolutionConfigurationPlatforms) = preSolution
		Ad-Hoc|Any CPU = Ad-Hoc|Any CPU
		Ad-Hoc|iPhone = Ad-Hoc|iPhone
		Ad-Hoc|iPhoneSimulator = Ad-Hoc|iPhoneSimulator
		AppStore|Any CPU = AppStore|Any CPU
		AppStore|iPhone = AppStore|iPhone
		AppStore|iPhoneSimulator = AppStore|iPhoneSimulator
		Debug|Any CPU = Debug|Any CPU
		Debug|iPhone = Debug|iPhone
		Debug|iPhoneSimulator = Debug|iPhoneSimulator
		Release|Any CPU = Release|Any CPU
		Release|iPhone = Release|iPhone
		Release|iPhoneSimulator = Release|iPhoneSimulator
	EndGlobalSection
	GlobalSection(ProjectConfigurationPlatforms) = postSolution
		{9D34E1DD-0E3D-4EA5-9718-58469116C106}.Ad-Hoc|Any CPU.ActiveCfg = Release|Any CPU
		{9D34E1DD-0E3D-4EA5-9718-58469116C106}.Ad-Hoc|Any CPU.Build.0 = Release|Any CPU
		{9D34E1DD-0E3D-4EA5-9718-58469116C106}.Ad-Hoc|Any CPU.Deploy.0 = Release|Any CPU
		{9D34E1DD-0E3D-4EA5-9718-58469116C106}.Ad-Hoc|iPhone.ActiveCfg = Release|Any CPU
		{9D34E1DD-0E3D-4EA5-9718-58469116C106}.Ad-Hoc|iPhone.Build.0 = Release|Any CPU
		{9D34E1DD-0E3D-4EA5-9718-58469116C106}.Ad-Hoc|iPhone.Deploy.0 = Release|Any CPU
		{9D34E1DD-0E3D-4EA5-9718-58469116C106}.Ad-Hoc|iPhoneSimulator.ActiveCfg = Release|Any CPU
		{9D34E1DD-0E3D-4EA5-9718-58469116C106}.Ad-Hoc|iPhoneSimulator.Build.0 = Release|Any CPU
		{9D34E1DD-0E3D-4EA5-9718-58469116C106}.Ad-Hoc|iPhoneSimulator.Deploy.0 = Release|Any CPU
		{9D34E1DD-0E3D-4EA5-9718-58469116C106}.AppStore|Any CPU.ActiveCfg = Release|Any CPU
		{9D34E1DD-0E3D-4EA5-9718-58469116C106}.AppStore|Any CPU.Build.0 = Release|Any CPU
		{9D34E1DD-0E3D-4EA5-9718-58469116C106}.AppStore|Any CPU.Deploy.0 = Release|Any CPU
		{9D34E1DD-0E3D-4EA5-9718-58469116C106}.AppStore|iPhone.ActiveCfg = Release|Any CPU
		{9D34E1DD-0E3D-4EA5-9718-58469116C106}.AppStore|iPhone.Build.0 = Release|Any CPU
		{9D34E1DD-0E3D-4EA5-9718-58469116C106}.AppStore|iPhone.Deploy.0 = Release|Any CPU
		{9D34E1DD-0E3D-4EA5-9718-58469116C106}.AppStore|iPhoneSimulator.ActiveCfg = Release|Any CPU
		{9D34E1DD-0E3D-4EA5-9718-58469116C106}.AppStore|iPhoneSimulator.Build.0 = Release|Any CPU
		{9D34E1DD-0E3D-4EA5-9718-58469116C106}.AppStore|iPhoneSimulator.Deploy.0 = Release|Any CPU
		{9D34E1DD-0E3D-4EA5-9718-58469116C106}.Debug|Any CPU.ActiveCfg = Debug|Any CPU
		{9D34E1DD-0E3D-4EA5-9718-58469116C106}.Debug|Any CPU.Build.0 = Debug|Any CPU
		{9D34E1DD-0E3D-4EA5-9718-58469116C106}.Debug|Any CPU.Deploy.0 = Debug|Any CPU
		{9D34E1DD-0E3D-4EA5-9718-58469116C106}.Debug|iPhone.ActiveCfg = Debug|Any CPU
		{9D34E1DD-0E3D-4EA5-9718-58469116C106}.Debug|iPhone.Build.0 = Debug|Any CPU
		{9D34E1DD-0E3D-4EA5-9718-58469116C106}.Debug|iPhone.Deploy.0 = Debug|Any CPU
		{9D34E1DD-0E3D-4EA5-9718-58469116C106}.Debug|iPhoneSimulator.ActiveCfg = Debug|Any CPU
		{9D34E1DD-0E3D-4EA5-9718-58469116C106}.Debug|iPhoneSimulator.Build.0 = Debug|Any CPU
		{9D34E1DD-0E3D-4EA5-9718-58469116C106}.Debug|iPhoneSimulator.Deploy.0 = Debug|Any CPU
		{9D34E1DD-0E3D-4EA5-9718-58469116C106}.Release|Any CPU.ActiveCfg = Release|Any CPU
		{9D34E1DD-0E3D-4EA5-9718-58469116C106}.Release|Any CPU.Build.0 = Release|Any CPU
		{9D34E1DD-0E3D-4EA5-9718-58469116C106}.Release|Any CPU.Deploy.0 = Release|Any CPU
		{9D34E1DD-0E3D-4EA5-9718-58469116C106}.Release|iPhone.ActiveCfg = Release|Any CPU
		{9D34E1DD-0E3D-4EA5-9718-58469116C106}.Release|iPhone.Build.0 = Release|Any CPU
		{9D34E1DD-0E3D-4EA5-9718-58469116C106}.Release|iPhone.Deploy.0 = Release|Any CPU
		{9D34E1DD-0E3D-4EA5-9718-58469116C106}.Release|iPhoneSimulator.ActiveCfg = Release|Any CPU
		{9D34E1DD-0E3D-4EA5-9718-58469116C106}.Release|iPhoneSimulator.Build.0 = Release|Any CPU
		{9D34E1DD-0E3D-4EA5-9718-58469116C106}.Release|iPhoneSimulator.Deploy.0 = Release|Any CPU
		{2BA511B9-3BB2-4AA6-8FE6-08EFBBE30844}.Ad-Hoc|Any CPU.ActiveCfg = Ad-Hoc|iPhone
		{2BA511B9-3BB2-4AA6-8FE6-08EFBBE30844}.Ad-Hoc|iPhone.ActiveCfg = Ad-Hoc|iPhone
		{2BA511B9-3BB2-4AA6-8FE6-08EFBBE30844}.Ad-Hoc|iPhone.Build.0 = Ad-Hoc|iPhone
		{2BA511B9-3BB2-4AA6-8FE6-08EFBBE30844}.Ad-Hoc|iPhoneSimulator.ActiveCfg = Ad-Hoc|iPhoneSimulator
		{2BA511B9-3BB2-4AA6-8FE6-08EFBBE30844}.Ad-Hoc|iPhoneSimulator.Build.0 = Ad-Hoc|iPhoneSimulator
		{2BA511B9-3BB2-4AA6-8FE6-08EFBBE30844}.AppStore|Any CPU.ActiveCfg = AppStore|iPhone
		{2BA511B9-3BB2-4AA6-8FE6-08EFBBE30844}.AppStore|iPhone.ActiveCfg = AppStore|iPhone
		{2BA511B9-3BB2-4AA6-8FE6-08EFBBE30844}.AppStore|iPhone.Build.0 = AppStore|iPhone
		{2BA511B9-3BB2-4AA6-8FE6-08EFBBE30844}.AppStore|iPhoneSimulator.ActiveCfg = AppStore|iPhoneSimulator
		{2BA511B9-3BB2-4AA6-8FE6-08EFBBE30844}.AppStore|iPhoneSimulator.Build.0 = AppStore|iPhoneSimulator
		{2BA511B9-3BB2-4AA6-8FE6-08EFBBE30844}.Debug|Any CPU.ActiveCfg = Debug|iPhone
		{2BA511B9-3BB2-4AA6-8FE6-08EFBBE30844}.Debug|iPhone.ActiveCfg = Debug|iPhone
		{2BA511B9-3BB2-4AA6-8FE6-08EFBBE30844}.Debug|iPhone.Build.0 = Debug|iPhone
		{2BA511B9-3BB2-4AA6-8FE6-08EFBBE30844}.Debug|iPhoneSimulator.ActiveCfg = Debug|iPhoneSimulator
		{2BA511B9-3BB2-4AA6-8FE6-08EFBBE30844}.Debug|iPhoneSimulator.Build.0 = Debug|iPhoneSimulator
		{2BA511B9-3BB2-4AA6-8FE6-08EFBBE30844}.Release|Any CPU.ActiveCfg = Release|iPhone
		{2BA511B9-3BB2-4AA6-8FE6-08EFBBE30844}.Release|iPhone.ActiveCfg = Release|iPhone
		{2BA511B9-3BB2-4AA6-8FE6-08EFBBE30844}.Release|iPhone.Build.0 = Release|iPhone
		{2BA511B9-3BB2-4AA6-8FE6-08EFBBE30844}.Release|iPhoneSimulator.ActiveCfg = Release|iPhoneSimulator
		{2BA511B9-3BB2-4AA6-8FE6-08EFBBE30844}.Release|iPhoneSimulator.Build.0 = Release|iPhoneSimulator
	EndGlobalSection
	GlobalSection(SolutionProperties) = preSolution
		HideSolutionNode = FALSE
	EndGlobalSection
	GlobalSection(ExtensibilityGlobals) = postSolution
		SolutionGuid = {F5CA4599-D9F0-444C-A3E6-0019446845D3}
	EndGlobalSection
EndGlobal
